// !$*UTF8*$!
{
	archiveVersion = 1;
	classes = {
	};
	objectVersion = 46;
	objects = {

/* Begin PBXBuildFile section */
		5CC8B40E1E8DC62500DE0110 /* AppDelegate.swift in Sources */ = {isa = PBXBuildFile; fileRef = 5CC8B40D1E8DC62500DE0110 /* AppDelegate.swift */; };
		5CC8B4101E8DC62500DE0110 /* MapViewController.swift in Sources */ = {isa = PBXBuildFile; fileRef = 5CC8B40F1E8DC62500DE0110 /* MapViewController.swift */; };
		5CC8B4131E8DC62500DE0110 /* Main.storyboard in Resources */ = {isa = PBXBuildFile; fileRef = 5CC8B4111E8DC62500DE0110 /* Main.storyboard */; };
		5CC8B4161E8DC62500DE0110 /* LocationNotes.xcdatamodeld in Sources */ = {isa = PBXBuildFile; fileRef = 5CC8B4141E8DC62500DE0110 /* LocationNotes.xcdatamodeld */; };
		5CC8B4181E8DC62500DE0110 /* Assets.xcassets in Resources */ = {isa = PBXBuildFile; fileRef = 5CC8B4171E8DC62500DE0110 /* Assets.xcassets */; };
		5CC8B41B1E8DC62500DE0110 /* LaunchScreen.storyboard in Resources */ = {isa = PBXBuildFile; fileRef = 5CC8B4191E8DC62500DE0110 /* LaunchScreen.storyboard */; };
		5CC8B4241E8DCD3800DE0110 /* MapKit.framework in Frameworks */ = {isa = PBXBuildFile; fileRef = 5CC8B4231E8DCD3800DE0110 /* MapKit.framework */; };
		5CC8B4261E8DD20A00DE0110 /* NoteAnnotation.swift in Sources */ = {isa = PBXBuildFile; fileRef = 5CC8B4251E8DD20A00DE0110 /* NoteAnnotation.swift */; };
/* End PBXBuildFile section */

/* Begin PBXFileReference section */
		5CC8B40A1E8DC62500DE0110 /* LocationNotes.app */ = {isa = PBXFileReference; explicitFileType = wrapper.application; includeInIndex = 0; path = LocationNotes.app; sourceTree = BUILT_PRODUCTS_DIR; };
		5CC8B40D1E8DC62500DE0110 /* AppDelegate.swift */ = {isa = PBXFileReference; lastKnownFileType = sourcecode.swift; path = AppDelegate.swift; sourceTree = "<group>"; };
		5CC8B40F1E8DC62500DE0110 /* MapViewController.swift */ = {isa = PBXFileReference; lastKnownFileType = sourcecode.swift; path = MapViewController.swift; sourceTree = "<group>"; };
		5CC8B4121E8DC62500DE0110 /* Base */ = {isa = PBXFileReference; lastKnownFileType = file.storyboard; name = Base; path = Base.lproj/Main.storyboard; sourceTree = "<group>"; };
		5CC8B4151E8DC62500DE0110 /* LocationNotes.xcdatamodel */ = {isa = PBXFileReference; lastKnownFileType = wrapper.xcdatamodel; path = LocationNotes.xcdatamodel; sourceTree = "<group>"; };
		5CC8B4171E8DC62500DE0110 /* Assets.xcassets */ = {isa = PBXFileReference; lastKnownFileType = folder.assetcatalog; path = Assets.xcassets; sourceTree = "<group>"; };
		5CC8B41A1E8DC62500DE0110 /* Base */ = {isa = PBXFileReference; lastKnownFileType = file.storyboard; name = Base; path = Base.lproj/LaunchScreen.storyboard; sourceTree = "<group>"; };
		5CC8B41C1E8DC62500DE0110 /* Info.plist */ = {isa = PBXFileReference; lastKnownFileType = text.plist.xml; path = Info.plist; sourceTree = "<group>"; };
		5CC8B4231E8DCD3800DE0110 /* MapKit.framework */ = {isa = PBXFileReference; lastKnownFileType = wrapper.framework; name = MapKit.framework; path = System/Library/Frameworks/MapKit.framework; sourceTree = SDKROOT; };
		5CC8B4251E8DD20A00DE0110 /* NoteAnnotation.swift */ = {isa = PBXFileReference; fileEncoding = 4; lastKnownFileType = sourcecode.swift; path = NoteAnnotation.swift; sourceTree = "<group>"; };
/* End PBXFileReference section */

/* Begin PBXFrameworksBuildPhase section */
		5CC8B4071E8DC62500DE0110 /* Frameworks */ = {
			isa = PBXFrameworksBuildPhase;
			buildActionMask = 2147483647;
			files = (
				5CC8B4241E8DCD3800DE0110 /* MapKit.framework in Frameworks */,
			);
			runOnlyForDeploymentPostprocessing = 0;
		};
/* End PBXFrameworksBuildPhase section */

/* Begin PBXGroup section */
		5CC8B4011E8DC62500DE0110 = {
			isa = PBXGroup;
			children = (
				5CC8B40C1E8DC62500DE0110 /* LocationNotes */,
				5CC8B40B1E8DC62500DE0110 /* Products */,
				5CC8B4221E8DCD3800DE0110 /* Frameworks */,
			);
			sourceTree = "<group>";
		};
		5CC8B40B1E8DC62500DE0110 /* Products */ = {
			isa = PBXGroup;
			children = (
				5CC8B40A1E8DC62500DE0110 /* LocationNotes.app */,
			);
			name = Products;
			sourceTree = "<group>";
		};
		5CC8B40C1E8DC62500DE0110 /* LocationNotes */ = {
			isa = PBXGroup;
			children = (
				5CC8B40D1E8DC62500DE0110 /* AppDelegate.swift */,
				5CC8B40F1E8DC62500DE0110 /* MapViewController.swift */,
				5CC8B4251E8DD20A00DE0110 /* NoteAnnotation.swift */,
				5CC8B4111E8DC62500DE0110 /* Main.storyboard */,
				5CC8B4171E8DC62500DE0110 /* Assets.xcassets */,
				5CC8B4191E8DC62500DE0110 /* LaunchScreen.storyboard */,
				5CC8B41C1E8DC62500DE0110 /* Info.plist */,
				5CC8B4141E8DC62500DE0110 /* LocationNotes.xcdatamodeld */,
			);
			path = LocationNotes;
			sourceTree = "<group>";
		};
		5CC8B4221E8DCD3800DE0110 /* Frameworks */ = {
			isa = PBXGroup;
			children = (
				5CC8B4231E8DCD3800DE0110 /* MapKit.framework */,
			);
			name = Frameworks;
			sourceTree = "<group>";
		};
/* End PBXGroup section */

/* Begin PBXNativeTarget section */
		5CC8B4091E8DC62500DE0110 /* LocationNotes */ = {
			isa = PBXNativeTarget;
			buildConfigurationList = 5CC8B41F1E8DC62500DE0110 /* Build configuration list for PBXNativeTarget "LocationNotes" */;
			buildPhases = (
				5CC8B4061E8DC62500DE0110 /* Sources */,
				5CC8B4071E8DC62500DE0110 /* Frameworks */,
				5CC8B4081E8DC62500DE0110 /* Resources */,
			);
			buildRules = (
			);
			dependencies = (
			);
			name = LocationNotes;
			productName = LocationNotes;
			productReference = 5CC8B40A1E8DC62500DE0110 /* LocationNotes.app */;
			productType = "com.apple.product-type.application";
		};
/* End PBXNativeTarget section */

/* Begin PBXProject section */
		5CC8B4021E8DC62500DE0110 /* Project object */ = {
			isa = PBXProject;
			attributes = {
				LastSwiftUpdateCheck = 0820;
				LastUpgradeCheck = 0820;
				ORGANIZATIONNAME = "Daniel Song";
				TargetAttributes = {
					5CC8B4091E8DC62500DE0110 = {
						CreatedOnToolsVersion = 8.2.1;
						DevelopmentTeam = Q89K2W93JC;
						ProvisioningStyle = Automatic;
						SystemCapabilities = {
							com.apple.Maps.iOS = {
								enabled = 1;
							};
						};
					};
				};
			};
			buildConfigurationList = 5CC8B4051E8DC62500DE0110 /* Build configuration list for PBXProject "LocationNotes" */;
			compatibilityVersion = "Xcode 3.2";
			developmentRegion = English;
			hasScannedForEncodings = 0;
			knownRegions = (
				en,
				Base,
			);
			mainGroup = 5CC8B4011E8DC62500DE0110;
			productRefGroup = 5CC8B40B1E8DC62500DE0110 /* Products */;
			projectDirPath = "";
			projectRoot = "";
			targets = (
				5CC8B4091E8DC62500DE0110 /* LocationNotes */,
			);
		};
/* End PBXProject section */

/* Begin PBXResourcesBuildPhase section */
		5CC8B4081E8DC62500DE0110 /* Resources */ = {
			isa = PBXResourcesBuildPhase;
			buildActionMask = 2147483647;
			files = (
				5CC8B41B1E8DC62500DE0110 /* LaunchScreen.storyboard in Resources */,
				5CC8B4181E8DC62500DE0110 /* Assets.xcassets in Resources */,
				5CC8B4131E8DC62500DE0110 /* Main.storyboard in Resources */,
			);
			runOnlyForDeploymentPostprocessing = 0;
		};
/* End PBXResourcesBuildPhase section */

/* Begin PBXSourcesBuildPhase section */
		5CC8B4061E8DC62500DE0110 /* Sources */ = {
			isa = PBXSourcesBuildPhase;
			buildActionMask = 2147483647;
			files = (
				5CC8B4101E8DC62500DE0110 /* MapViewController.swift in Sources */,
				5CC8B40E1E8DC62500DE0110 /* AppDelegate.swift in Sources */,
				5CC8B4161E8DC62500DE0110 /* LocationNotes.xcdatamodeld in Sources */,
				5CC8B4261E8DD20A00DE0110 /* NoteAnnotation.swift in Sources */,
			);
			runOnlyForDeploymentPostprocessing = 0;
		};
/* End PBXSourcesBuildPhase section */

/* Begin PBXVariantGroup section */
		5CC8B4111E8DC62500DE0110 /* Main.storyboard */ = {
			isa = PBXVariantGroup;
			children = (
				5CC8B4121E8DC62500DE0110 /* Base */,
			);
			name = Main.storyboard;
			sourceTree = "<group>";
		};
		5CC8B4191E8DC62500DE0110 /* LaunchScreen.storyboard */ = {
			isa = PBXVariantGroup;
			children = (
				5CC8B41A1E8DC62500DE0110 /* Base */,
			);
			name = LaunchScreen.storyboard;
			sourceTree = "<group>";
		};
/* End PBXVariantGroup section */

/* Begin XCBuildConfiguration section */
		5CC8B41D1E8DC62500DE0110 /* Debug */ = {
			isa = XCBuildConfiguration;
			buildSettings = {
				ALWAYS_SEARCH_USER_PATHS = NO;
				CLANG_ANALYZER_NONNULL = YES;
				CLANG_CXX_LANGUAGE_STANDARD = "gnu++0x";
				CLANG_CXX_LIBRARY = "libc++";
				CLANG_ENABLE_MODULES = YES;
				CLANG_ENABLE_OBJC_ARC = YES;
				CLANG_WARN_BOOL_CONVERSION = YES;
				CLANG_WARN_CONSTANT_CONVERSION = YES;
				CLANG_WARN_DIRECT_OBJC_ISA_USAGE = YES_ERROR;
				CLANG_WARN_DOCUMENTATION_COMMENTS = YES;
				CLANG_WARN_EMPTY_BODY = YES;
				CLANG_WARN_ENUM_CONVERSION = YES;
				CLANG_WARN_INFINITE_RECURSION = YES;
				CLANG_WARN_INT_CONVERSION = YES;
				CLANG_WARN_OBJC_ROOT_CLASS = YES_ERROR;
				CLANG_WARN_SUSPICIOUS_MOVE = YES;
				CLANG_WARN_UNREACHABLE_CODE = YES;
				CLANG_WARN__DUPLICATE_METHOD_MATCH = YES;
				"CODE_SIGN_IDENTITY[sdk=iphoneos*]" = "iPhone Developer";
				COPY_PHASE_STRIP = NO;
				DEBUG_INFORMATION_FORMAT = dwarf;
				ENABLE_STRICT_OBJC_MSGSEND = YES;
				ENABLE_TESTABILITY = YES;
				GCC_C_LANGUAGE_STANDARD = gnu99;
				GCC_DYNAMIC_NO_PIC = NO;
				GCC_NO_COMMON_BLOCKS = YES;
				GCC_OPTIMIZATION_LEVEL = 0;
				GCC_PREPROCESSOR_DEFINITIONS = (
					"DEBUG=1",
					"$(inherited)",
				);
				GCC_WARN_64_TO_32_BIT_CONVERSION = YES;
				GCC_WARN_ABOUT_RETURN_TYPE = YES_ERROR;
				GCC_WARN_UNDECLARED_SELECTOR = YES;
				GCC_WARN_UNINITIALIZED_AUTOS = YES_AGGRESSIVE;
				GCC_WARN_UNUSED_FUNCTION = YES;
				GCC_WARN_UNUSED_VARIABLE = YES;
				IPHONEOS_DEPLOYMENT_TARGET = 10.2;
				MTL_ENABLE_DEBUG_INFO = YES;
				ONLY_ACTIVE_ARCH = YES;
				SDKROOT = iphoneos;
				SWIFT_ACTIVE_COMPILATION_CONDITIONS = DEBUG;
				SWIFT_OPTIMIZATION_LEVEL = "-Onone";
			};
			name = Debug;
		};
		5CC8B41E1E8DC62500DE0110 /* Release */ = {
			isa = XCBuildConfiguration;
			buildSettings = {
				ALWAYS_SEARCH_USER_PATHS = NO;
				CLANG_ANALYZER_NONNULL = YES;
				CLANG_CXX_LANGUAGE_STANDARD = "gnu++0x";
				CLANG_CXX_LIBRARY = "libc++";
				CLANG_ENABLE_MODULES = YES;
				CLANG_ENABLE_OBJC_ARC = YES;
				CLANG_WARN_BOOL_CONVERSION = YES;
				CLANG_WARN_CONSTANT_CONVERSION = YES;
				CLANG_WARN_DIRECT_OBJC_ISA_USAGE = YES_ERROR;
				CLANG_WARN_DOCUMENTATION_COMMENTS = YES;
				CLANG_WARN_EMPTY_BODY = YES;
				CLANG_WARN_ENUM_CONVERSION = YES;
				CLANG_WARN_INFINITE_RECURSION = YES;
				CLANG_WARN_INT_CONVERSION = YES;
				CLANG_WARN_OBJC_ROOT_CLASS = YES_ERROR;
				CLANG_WARN_SUSPICIOUS_MOVE = YES;
				CLANG_WARN_UNREACHABLE_CODE = YES;
				CLANG_WARN__DUPLICATE_METHOD_MATCH = YES;
				"CODE_SIGN_IDENTITY[sdk=iphoneos*]" = "iPhone Developer";
				COPY_PHASE_STRIP = NO;
				DEBUG_INFORMATION_FORMAT = "dwarf-with-dsym";
				ENABLE_NS_ASSERTIONS = NO;
				ENABLE_STRICT_OBJC_MSGSEND = YES;
				GCC_C_LANGUAGE_STANDARD = gnu99;
				GCC_NO_COMMON_BLOCKS = YES;
				GCC_WARN_64_TO_32_BIT_CONVERSION = YES;
				GCC_WARN_ABOUT_RETURN_TYPE = YES_ERROR;
				GCC_WARN_UNDECLARED_SELECTOR = YES;
				GCC_WARN_UNINITIALIZED_AUTOS = YES_AGGRESSIVE;
				GCC_WARN_UNUSED_FUNCTION = YES;
				GCC_WARN_UNUSED_VARIABLE = YES;
				IPHONEOS_DEPLOYMENT_TARGET = 10.2;
				MTL_ENABLE_DEBUG_INFO = NO;
				SDKROOT = iphoneos;
				SWIFT_OPTIMIZATION_LEVEL = "-Owholemodule";
				VALIDATE_PRODUCT = YES;
			};
			name = Release;
		};
		5CC8B4201E8DC62500DE0110 /* Debug */ = {
			isa = XCBuildConfiguration;
			buildSettings = {
				ASSETCATALOG_COMPILER_APPICON_NAME = AppIcon;
				DEVELOPMENT_TEAM = Q89K2W93JC;
				INFOPLIST_FILE = LocationNotes/Info.plist;
				LD_RUNPATH_SEARCH_PATHS = "$(inherited) @executable_path/Frameworks";
				PRODUCT_BUNDLE_IDENTIFIER = io.github.danielsongh.LocationNotes;
				PRODUCT_NAME = "$(TARGET_NAME)";
				SWIFT_VERSION = 3.0;
			};
			name = Debug;
		};
		5CC8B4211E8DC62500DE0110 /* Release */ = {
			isa = XCBuildConfiguration;
			buildSettings = {
				ASSETCATALOG_COMPILER_APPICON_NAME = AppIcon;
				DEVELOPMENT_TEAM = Q89K2W93JC;
				INFOPLIST_FILE = LocationNotes/Info.plist;
				LD_RUNPATH_SEARCH_PATHS = "$(inherited) @executable_path/Frameworks";
				PRODUCT_BUNDLE_IDENTIFIER = io.github.danielsongh.LocationNotes;
				PRODUCT_NAME = "$(TARGET_NAME)";
				SWIFT_VERSION = 3.0;
			};
			name = Release;
		};
/* End XCBuildConfiguration section */

/* Begin XCConfigurationList section */
		5CC8B4051E8DC62500DE0110 /* Build configuration list for PBXProject "LocationNotes" */ = {
			isa = XCConfigurationList;
			buildConfigurations = (
				5CC8B41D1E8DC62500DE0110 /* Debug */,
				5CC8B41E1E8DC62500DE0110 /* Release */,
			);
			defaultConfigurationIsVisible = 0;
			defaultConfigurationName = Release;
		};
		5CC8B41F1E8DC62500DE0110 /* Build configuration list for PBXNativeTarget "LocationNotes" */ = {
			isa = XCConfigurationList;
			buildConfigurations = (
				5CC8B4201E8DC62500DE0110 /* Debug */,
				5CC8B4211E8DC62500DE0110 /* Release */,
			);
			defaultConfigurationIsVisible = 0;
		};
/* End XCConfigurationList section */

/* Begin XCVersionGroup section */
		5CC8B4141E8DC62500DE0110 /* LocationNotes.xcdatamodeld */ = {
			isa = XCVersionGroup;
			children = (
				5CC8B4151E8DC62500DE0110 /* LocationNotes.xcdatamodel */,
			);
			currentVersion = 5CC8B4151E8DC62500DE0110 /* LocationNotes.xcdatamodel */;
			path = LocationNotes.xcdatamodeld;
			sourceTree = "<group>";
			versionGroupType = wrapper.xcdatamodel;
		};
/* End XCVersionGroup section */
	};
	rootObject = 5CC8B4021E8DC62500DE0110 /* Project object */;
}
